
Microsoft Visual Studio Solution File, Format Version 12.00
# Visual Studio Version 17
VisualStudioVersion = 17.3.32922.545
MinimumVisualStudioVersion = 10.0.40219.1
Project("{FAE04EC0-301F-11D3-BF4B-00C04F79EFBC}") = "Lesson5_CS", "Lesson5_CS\Lesson5_CS.csproj", "{F9552318-CFD7-4400-AF85-C6A8F11EF96E}"
EndProject
Global
	GlobalSection(SolutionConfigurationPlatforms) = preSolution
		Debug|Any CPU = Debug|Any CPU
		Release|Any CPU = Release|Any CPU
	EndGlobalSection
	GlobalSection(ProjectConfigurationPlatforms) = postSolution
		{F9552318-CFD7-4400-AF85-C6A8F11EF96E}.Debug|Any CPU.ActiveCfg = Debug|Any CPU
		{F9552318-CFD7-4400-AF85-C6A8F11EF96E}.Debug|Any CPU.Build.0 = Debug|Any CPU
		{F9552318-CFD7-4400-AF85-C6A8F11EF96E}.Release|Any CPU.ActiveCfg = Release|Any CPU
		{F9552318-CFD7-4400-AF85-C6A8F11EF96E}.Release|Any CPU.Build.0 = Release|Any CPU
	EndGlobalSection
	GlobalSection(SolutionProperties) = preSolution
		HideSolutionNode = FALSE
	EndGlobalSection
	GlobalSection(ExtensibilityGlobals) = postSolution
		SolutionGuid = {1B22524C-906A-49DD-8158-48066F52C073}
	EndGlobalSection
EndGlobal
